
Microsoft Visual Studio Solution File, Format Version 12.00
# Visual Studio Version 17
VisualStudioVersion = 17.5.33424.131
MinimumVisualStudioVersion = 10.0.40219.1
Project("{8BC9CEB8-8B4A-11D0-8D11-00A0C91BC942}") = "CARO pro w6", "CARO pro w6\CARO pro w6.vcxproj", "{5D651E7E-4E3A-40B2-8922-A9AA87AA8DFF}"
EndProject
Global
	GlobalSection(SolutionConfigurationPlatforms) = preSolution
		Debug|x64 = Debug|x64
		Debug|x86 = Debug|x86
		Release|x64 = Release|x64
		Release|x86 = Release|x86
	EndGlobalSection
	GlobalSection(ProjectConfigurationPlatforms) = postSolution
		{5D651E7E-4E3A-40B2-8922-A9AA87AA8DFF}.Debug|x64.ActiveCfg = Debug|x64
		{5D651E7E-4E3A-40B2-8922-A9AA87AA8DFF}.Debug|x64.Build.0 = Debug|x64
		{5D651E7E-4E3A-40B2-8922-A9AA87AA8DFF}.Debug|x86.ActiveCfg = Debug|Win32
		{5D651E7E-4E3A-40B2-8922-A9AA87AA8DFF}.Debug|x86.Build.0 = Debug|Win32
		{5D651E7E-4E3A-40B2-8922-A9AA87AA8DFF}.Release|x64.ActiveCfg = Release|x64
		{5D651E7E-4E3A-40B2-8922-A9AA87AA8DFF}.Release|x64.Build.0 = Release|x64
		{5D651E7E-4E3A-40B2-8922-A9AA87AA8DFF}.Release|x86.ActiveCfg = Release|Win32
		{5D651E7E-4E3A-40B2-8922-A9AA87AA8DFF}.Release|x86.Build.0 = Release|Win32
	EndGlobalSection
	GlobalSection(SolutionProperties) = preSolution
		HideSolutionNode = FALSE
	EndGlobalSection
	GlobalSection(ExtensibilityGlobals) = postSolution
		SolutionGuid = {08EFD28F-6138-41C1-87A5-D1BEC7FD1AAA}
	EndGlobalSection
EndGlobal
